
Microsoft Visual Studio Solution File, Format Version 12.00
# Visual Studio Version 16
VisualStudioVersion = 16.0.29806.167
MinimumVisualStudioVersion = 10.0.40219.1
Project("{FAE04EC0-301F-11D3-BF4B-00C04F79EFBC}") = "DevJobsApi", "DevJobsApi\DevJobsApi.csproj", "{0D14AF29-1A91-42EC-B9C2-407E19262532}"
EndProject
Global
	GlobalSection(SolutionConfigurationPlatforms) = preSolution
		Debug|Any CPU = Debug|Any CPU
		Release|Any CPU = Release|Any CPU
	EndGlobalSection
	GlobalSection(ProjectConfigurationPlatforms) = postSolution
		{0D14AF29-1A91-42EC-B9C2-407E19262532}.Debug|Any CPU.ActiveCfg = Debug|Any CPU
		{0D14AF29-1A91-42EC-B9C2-407E19262532}.Debug|Any CPU.Build.0 = Debug|Any CPU
		{0D14AF29-1A91-42EC-B9C2-407E19262532}.Release|Any CPU.ActiveCfg = Release|Any CPU
		{0D14AF29-1A91-42EC-B9C2-407E19262532}.Release|Any CPU.Build.0 = Release|Any CPU
	EndGlobalSection
	GlobalSection(SolutionProperties) = preSolution
		HideSolutionNode = FALSE
	EndGlobalSection
	GlobalSection(ExtensibilityGlobals) = postSolution
		SolutionGuid = {61FE5283-435A-42F1-A253-C5DB622A4281}
	EndGlobalSection
EndGlobal
